
Microsoft Visual Studio Solution File, Format Version 12.00
# Visual Studio 15
VisualStudioVersion = 15.0.27428.2027
MinimumVisualStudioVersion = 10.0.40219.1
Project("{FAE04EC0-301F-11D3-BF4B-00C04F79EFBC}") = "ConvenientShop.API", "ConvenientShop.API\ConvenientShop.API.csproj", "{0D532D98-2108-499E-86A6-EDF21B7968D1}"
EndProject
Global
	GlobalSection(SolutionConfigurationPlatforms) = preSolution
		Debug|Any CPU = Debug|Any CPU
		Release|Any CPU = Release|Any CPU
	EndGlobalSection
	GlobalSection(ProjectConfigurationPlatforms) = postSolution
		{0D532D98-2108-499E-86A6-EDF21B7968D1}.Debug|Any CPU.ActiveCfg = Debug|Any CPU
		{0D532D98-2108-499E-86A6-EDF21B7968D1}.Debug|Any CPU.Build.0 = Debug|Any CPU
		{0D532D98-2108-499E-86A6-EDF21B7968D1}.Release|Any CPU.ActiveCfg = Release|Any CPU
		{0D532D98-2108-499E-86A6-EDF21B7968D1}.Release|Any CPU.Build.0 = Release|Any CPU
	EndGlobalSection
	GlobalSection(SolutionProperties) = preSolution
		HideSolutionNode = FALSE
	EndGlobalSection
	GlobalSection(ExtensibilityGlobals) = postSolution
		SolutionGuid = {67ED66A5-C805-4DA2-8D32-C6D12D8F917D}
	EndGlobalSection
EndGlobal
